
Microsoft Visual Studio Solution File, Format Version 12.00
# Visual Studio 14
VisualStudioVersion = 14.0.25420.1
MinimumVisualStudioVersion = 10.0.40219.1
Project("{FAE04EC0-301F-11D3-BF4B-00C04F79EFBC}") = "CalculatorApp", "CalculatorApp\CalculatorApp\CalculatorApp.csproj", "{B043A18B-B213-48C1-888D-4FBCCDE10FAA}"
EndProject
Project("{FAE04EC0-301F-11D3-BF4B-00C04F79EFBC}") = "CalculatorApp.Droid", "CalculatorApp\CalculatorApp.Droid\CalculatorApp.Droid.csproj", "{1B70EF78-71E2-4064-955F-6B97BB7A13F2}"
EndProject
Project("{FAE04EC0-301F-11D3-BF4B-00C04F79EFBC}") = "CalculatorApp.iOS", "CalculatorApp\CalculatorApp.iOS\CalculatorApp.iOS.csproj", "{7291ABDD-F8EA-4954-A5F2-C886E11E8E5B}"
EndProject
Global
	GlobalSection(SolutionConfigurationPlatforms) = preSolution
		Ad-Hoc|Any CPU = Ad-Hoc|Any CPU
		Ad-Hoc|ARM = Ad-Hoc|ARM
		Ad-Hoc|iPhone = Ad-Hoc|iPhone
		Ad-Hoc|iPhoneSimulator = Ad-Hoc|iPhoneSimulator
		Ad-Hoc|x64 = Ad-Hoc|x64
		Ad-Hoc|x86 = Ad-Hoc|x86
		AppStore|Any CPU = AppStore|Any CPU
		AppStore|ARM = AppStore|ARM
		AppStore|iPhone = AppStore|iPhone
		AppStore|iPhoneSimulator = AppStore|iPhoneSimulator
		AppStore|x64 = AppStore|x64
		AppStore|x86 = AppStore|x86
		Debug|Any CPU = Debug|Any CPU
		Debug|ARM = Debug|ARM
		Debug|iPhone = Debug|iPhone
		Debug|iPhoneSimulator = Debug|iPhoneSimulator
		Debug|x64 = Debug|x64
		Debug|x86 = Debug|x86
		Release|Any CPU = Release|Any CPU
		Release|ARM = Release|ARM
		Release|iPhone = Release|iPhone
		Release|iPhoneSimulator = Release|iPhoneSimulator
		Release|x64 = Release|x64
		Release|x86 = Release|x86
	EndGlobalSection
	GlobalSection(ProjectConfigurationPlatforms) = postSolution
		{B043A18B-B213-48C1-888D-4FBCCDE10FAA}.Ad-Hoc|Any CPU.ActiveCfg = Release|Any CPU
		{B043A18B-B213-48C1-888D-4FBCCDE10FAA}.Ad-Hoc|Any CPU.Build.0 = Release|Any CPU
		{B043A18B-B213-48C1-888D-4FBCCDE10FAA}.Ad-Hoc|ARM.ActiveCfg = Release|Any CPU
		{B043A18B-B213-48C1-888D-4FBCCDE10FAA}.Ad-Hoc|ARM.Build.0 = Release|Any CPU
		{B043A18B-B213-48C1-888D-4FBCCDE10FAA}.Ad-Hoc|iPhone.ActiveCfg = Release|Any CPU
		{B043A18B-B213-48C1-888D-4FBCCDE10FAA}.Ad-Hoc|iPhone.Build.0 = Release|Any CPU
		{B043A18B-B213-48C1-888D-4FBCCDE10FAA}.Ad-Hoc|iPhoneSimulator.ActiveCfg = Release|Any CPU
		{B043A18B-B213-48C1-888D-4FBCCDE10FAA}.Ad-Hoc|iPhoneSimulator.Build.0 = Release|Any CPU
		{B043A18B-B213-48C1-888D-4FBCCDE10FAA}.Ad-Hoc|x64.ActiveCfg = Release|Any CPU
		{B043A18B-B213-48C1-888D-4FBCCDE10FAA}.Ad-Hoc|x64.Build.0 = Release|Any CPU
		{B043A18B-B213-48C1-888D-4FBCCDE10FAA}.Ad-Hoc|x86.ActiveCfg = Release|Any CPU
		{B043A18B-B213-48C1-888D-4FBCCDE10FAA}.Ad-Hoc|x86.Build.0 = Release|Any CPU
		{B043A18B-B213-48C1-888D-4FBCCDE10FAA}.AppStore|Any CPU.ActiveCfg = Release|Any CPU
		{B043A18B-B213-48C1-888D-4FBCCDE10FAA}.AppStore|Any CPU.Build.0 = Release|Any CPU
		{B043A18B-B213-48C1-888D-4FBCCDE10FAA}.AppStore|ARM.ActiveCfg = Release|Any CPU
		{B043A18B-B213-48C1-888D-4FBCCDE10FAA}.AppStore|ARM.Build.0 = Release|Any CPU
		{B043A18B-B213-48C1-888D-4FBCCDE10FAA}.AppStore|iPhone.ActiveCfg = Release|Any CPU
		{B043A18B-B213-48C1-888D-4FBCCDE10FAA}.AppStore|iPhone.Build.0 = Release|Any CPU
		{B043A18B-B213-48C1-888D-4FBCCDE10FAA}.AppStore|iPhoneSimulator.ActiveCfg = Release|Any CPU
		{B043A18B-B213-48C1-888D-4FBCCDE10FAA}.AppStore|iPhoneSimulator.Build.0 = Release|Any CPU
		{B043A18B-B213-48C1-888D-4FBCCDE10FAA}.AppStore|x64.ActiveCfg = Release|Any CPU
		{B043A18B-B213-48C1-888D-4FBCCDE10FAA}.AppStore|x64.Build.0 = Release|Any CPU
		{B043A18B-B213-48C1-888D-4FBCCDE10FAA}.AppStore|x86.ActiveCfg = Release|Any CPU
		{B043A18B-B213-48C1-888D-4FBCCDE10FAA}.AppStore|x86.Build.0 = Release|Any CPU
		{B043A18B-B213-48C1-888D-4FBCCDE10FAA}.Debug|Any CPU.ActiveCfg = Debug|Any CPU
		{B043A18B-B213-48C1-888D-4FBCCDE10FAA}.Debug|Any CPU.Build.0 = Debug|Any CPU
		{B043A18B-B213-48C1-888D-4FBCCDE10FAA}.Debug|ARM.ActiveCfg = Debug|Any CPU
		{B043A18B-B213-48C1-888D-4FBCCDE10FAA}.Debug|ARM.Build.0 = Debug|Any CPU
		{B043A18B-B213-48C1-888D-4FBCCDE10FAA}.Debug|iPhone.ActiveCfg = Debug|Any CPU
		{B043A18B-B213-48C1-888D-4FBCCDE10FAA}.Debug|iPhone.Build.0 = Debug|Any CPU
		{B043A18B-B213-48C1-888D-4FBCCDE10FAA}.Debug|iPhoneSimulator.ActiveCfg = Debug|Any CPU
		{B043A18B-B213-48C1-888D-4FBCCDE10FAA}.Debug|iPhoneSimulator.Build.0 = Debug|Any CPU
		{B043A18B-B213-48C1-888D-4FBCCDE10FAA}.Debug|x64.ActiveCfg = Debug|Any CPU
		{B043A18B-B213-48C1-888D-4FBCCDE10FAA}.Debug|x64.Build.0 = Debug|Any CPU
		{B043A18B-B213-48C1-888D-4FBCCDE10FAA}.Debug|x86.ActiveCfg = Debug|Any CPU
		{B043A18B-B213-48C1-888D-4FBCCDE10FAA}.Debug|x86.Build.0 = Debug|Any CPU
		{B043A18B-B213-48C1-888D-4FBCCDE10FAA}.Release|Any CPU.ActiveCfg = Release|Any CPU
		{B043A18B-B213-48C1-888D-4FBCCDE10FAA}.Release|Any CPU.Build.0 = Release|Any CPU
		{B043A18B-B213-48C1-888D-4FBCCDE10FAA}.Release|ARM.ActiveCfg = Release|Any CPU
		{B043A18B-B213-48C1-888D-4FBCCDE10FAA}.Release|ARM.Build.0 = Release|Any CPU
		{B043A18B-B213-48C1-888D-4FBCCDE10FAA}.Release|iPhone.ActiveCfg = Release|Any CPU
		{B043A18B-B213-48C1-888D-4FBCCDE10FAA}.Release|iPhone.Build.0 = Release|Any CPU
		{B043A18B-B213-48C1-888D-4FBCCDE10FAA}.Release|iPhoneSimulator.ActiveCfg = Release|Any CPU
		{B043A18B-B213-48C1-888D-4FBCCDE10FAA}.Release|iPhoneSimulator.Build.0 = Release|Any CPU
		{B043A18B-B213-48C1-888D-4FBCCDE10FAA}.Release|x64.ActiveCfg = Release|Any CPU
		{B043A18B-B213-48C1-888D-4FBCCDE10FAA}.Release|x64.Build.0 = Release|Any CPU
		{B043A18B-B213-48C1-888D-4FBCCDE10FAA}.Release|x86.ActiveCfg = Release|Any CPU
		{B043A18B-B213-48C1-888D-4FBCCDE10FAA}.Release|x86.Build.0 = Release|Any CPU
		{1B70EF78-71E2-4064-955F-6B97BB7A13F2}.Ad-Hoc|Any CPU.ActiveCfg = Release|Any CPU
		{1B70EF78-71E2-4064-955F-6B97BB7A13F2}.Ad-Hoc|Any CPU.Build.0 = Release|Any CPU
		{1B70EF78-71E2-4064-955F-6B97BB7A13F2}.Ad-Hoc|Any CPU.Deploy.0 = Release|Any CPU
		{1B70EF78-71E2-4064-955F-6B97BB7A13F2}.Ad-Hoc|ARM.ActiveCfg = Release|Any CPU
		{1B70EF78-71E2-4064-955F-6B97BB7A13F2}.Ad-Hoc|ARM.Build.0 = Release|Any CPU
		{1B70EF78-71E2-4064-955F-6B97BB7A13F2}.Ad-Hoc|ARM.Deploy.0 = Release|Any CPU
		{1B70EF78-71E2-4064-955F-6B97BB7A13F2}.Ad-Hoc|iPhone.ActiveCfg = Release|Any CPU
		{1B70EF78-71E2-4064-955F-6B97BB7A13F2}.Ad-Hoc|iPhone.Build.0 = Release|Any CPU
		{1B70EF78-71E2-4064-955F-6B97BB7A13F2}.Ad-Hoc|iPhone.Deploy.0 = Release|Any CPU
		{1B70EF78-71E2-4064-955F-6B97BB7A13F2}.Ad-Hoc|iPhoneSimulator.ActiveCfg = Release|Any CPU
		{1B70EF78-71E2-4064-955F-6B97BB7A13F2}.Ad-Hoc|iPhoneSimulator.Build.0 = Release|Any CPU
		{1B70EF78-71E2-4064-955F-6B97BB7A13F2}.Ad-Hoc|iPhoneSimulator.Deploy.0 = Release|Any CPU
		{1B70EF78-71E2-4064-955F-6B97BB7A13F2}.Ad-Hoc|x64.ActiveCfg = Release|Any CPU
		{1B70EF78-71E2-4064-955F-6B97BB7A13F2}.Ad-Hoc|x64.Build.0 = Release|Any CPU
		{1B70EF78-71E2-4064-955F-6B97BB7A13F2}.Ad-Hoc|x64.Deploy.0 = Release|Any CPU
		{1B70EF78-71E2-4064-955F-6B97BB7A13F2}.Ad-Hoc|x86.ActiveCfg = Release|Any CPU
		{1B70EF78-71E2-4064-955F-6B97BB7A13F2}.Ad-Hoc|x86.Build.0 = Release|Any CPU
		{1B70EF78-71E2-4064-955F-6B97BB7A13F2}.Ad-Hoc|x86.Deploy.0 = Release|Any CPU
		{1B70EF78-71E2-4064-955F-6B97BB7A13F2}.AppStore|Any CPU.ActiveCfg = Release|Any CPU
		{1B70EF78-71E2-4064-955F-6B97BB7A13F2}.AppStore|Any CPU.Build.0 = Release|Any CPU
		{1B70EF78-71E2-4064-955F-6B97BB7A13F2}.AppStore|Any CPU.Deploy.0 = Release|Any CPU
		{1B70EF78-71E2-4064-955F-6B97BB7A13F2}.AppStore|ARM.ActiveCfg = Release|Any CPU
		{1B70EF78-71E2-4064-955F-6B97BB7A13F2}.AppStore|ARM.Build.0 = Release|Any CPU
		{1B70EF78-71E2-4064-955F-6B97BB7A13F2}.AppStore|ARM.Deploy.0 = Release|Any CPU
		{1B70EF78-71E2-4064-955F-6B97BB7A13F2}.AppStore|iPhone.ActiveCfg = Release|Any CPU
		{1B70EF78-71E2-4064-955F-6B97BB7A13F2}.AppStore|iPhone.Build.0 = Release|Any CPU
		{1B70EF78-71E2-4064-955F-6B97BB7A13F2}.AppStore|iPhone.Deploy.0 = Release|Any CPU
		{1B70EF78-71E2-4064-955F-6B97BB7A13F2}.AppStore|iPhoneSimulator.ActiveCfg = Release|Any CPU
		{1B70EF78-71E2-4064-955F-6B97BB7A13F2}.AppStore|iPhoneSimulator.Build.0 = Release|Any CPU
		{1B70EF78-71E2-4064-955F-6B97BB7A13F2}.AppStore|iPhoneSimulator.Deploy.0 = Release|Any CPU
		{1B70EF78-71E2-4064-955F-6B97BB7A13F2}.AppStore|x64.ActiveCfg = Release|Any CPU
		{1B70EF78-71E2-4064-955F-6B97BB7A13F2}.AppStore|x64.Build.0 = Release|Any CPU
		{1B70EF78-71E2-4064-955F-6B97BB7A13F2}.AppStore|x64.Deploy.0 = Release|Any CPU
		{1B70EF78-71E2-4064-955F-6B97BB7A13F2}.AppStore|x86.ActiveCfg = Release|Any CPU
		{1B70EF78-71E2-4064-955F-6B97BB7A13F2}.AppStore|x86.Build.0 = Release|Any CPU
		{1B70EF78-71E2-4064-955F-6B97BB7A13F2}.AppStore|x86.Deploy.0 = Release|Any CPU
		{1B70EF78-71E2-4064-955F-6B97BB7A13F2}.Debug|Any CPU.ActiveCfg = Debug|Any CPU
		{1B70EF78-71E2-4064-955F-6B97BB7A13F2}.Debug|Any CPU.Build.0 = Debug|Any CPU
		{1B70EF78-71E2-4064-955F-6B97BB7A13F2}.Debug|Any CPU.Deploy.0 = Debug|Any CPU
		{1B70EF78-71E2-4064-955F-6B97BB7A13F2}.Debug|ARM.ActiveCfg = Debug|Any CPU
		{1B70EF78-71E2-4064-955F-6B97BB7A13F2}.Debug|ARM.Build.0 = Debug|Any CPU
		{1B70EF78-71E2-4064-955F-6B97BB7A13F2}.Debug|ARM.Deploy.0 = Debug|Any CPU
		{1B70EF78-71E2-4064-955F-6B97BB7A13F2}.Debug|iPhone.ActiveCfg = Debug|Any CPU
		{1B70EF78-71E2-4064-955F-6B97BB7A13F2}.Debug|iPhone.Build.0 = Debug|Any CPU
		{1B70EF78-71E2-4064-955F-6B97BB7A13F2}.Debug|iPhone.Deploy.0 = Debug|Any CPU
		{1B70EF78-71E2-4064-955F-6B97BB7A13F2}.Debug|iPhoneSimulator.ActiveCfg = Debug|Any CPU
		{1B70EF78-71E2-4064-955F-6B97BB7A13F2}.Debug|iPhoneSimulator.Build.0 = Debug|Any CPU
		{1B70EF78-71E2-4064-955F-6B97BB7A13F2}.Debug|iPhoneSimulator.Deploy.0 = Debug|Any CPU
		{1B70EF78-71E2-4064-955F-6B97BB7A13F2}.Debug|x64.ActiveCfg = Debug|Any CPU
		{1B70EF78-71E2-4064-955F-6B97BB7A13F2}.Debug|x64.Build.0 = Debug|Any CPU
		{1B70EF78-71E2-4064-955F-6B97BB7A13F2}.Debug|x64.Deploy.0 = Debug|Any CPU
		{1B70EF78-71E2-4064-955F-6B97BB7A13F2}.Debug|x86.ActiveCfg = Debug|Any CPU
		{1B70EF78-71E2-4064-955F-6B97BB7A13F2}.Debug|x86.Build.0 = Debug|Any CPU
		{1B70EF78-71E2-4064-955F-6B97BB7A13F2}.Debug|x86.Deploy.0 = Debug|Any CPU
		{1B70EF78-71E2-4064-955F-6B97BB7A13F2}.Release|Any CPU.ActiveCfg = Release|Any CPU
		{1B70EF78-71E2-4064-955F-6B97BB7A13F2}.Release|Any CPU.Build.0 = Release|Any CPU
		{1B70EF78-71E2-4064-955F-6B97BB7A13F2}.Release|Any CPU.Deploy.0 = Release|Any CPU
		{1B70EF78-71E2-4064-955F-6B97BB7A13F2}.Release|ARM.ActiveCfg = Release|Any CPU
		{1B70EF78-71E2-4064-955F-6B97BB7A13F2}.Release|ARM.Build.0 = Release|Any CPU
		{1B70EF78-71E2-4064-955F-6B97BB7A13F2}.Release|ARM.Deploy.0 = Release|Any CPU
		{1B70EF78-71E2-4064-955F-6B97BB7A13F2}.Release|iPhone.ActiveCfg = Release|Any CPU
		{1B70EF78-71E2-4064-955F-6B97BB7A13F2}.Release|iPhone.Build.0 = Release|Any CPU
		{1B70EF78-71E2-4064-955F-6B97BB7A13F2}.Release|iPhone.Deploy.0 = Release|Any CPU
		{1B70EF78-71E2-4064-955F-6B97BB7A13F2}.Release|iPhoneSimulator.ActiveCfg = Release|Any CPU
		{1B70EF78-71E2-4064-955F-6B97BB7A13F2}.Release|iPhoneSimulator.Build.0 = Release|Any CPU
		{1B70EF78-71E2-4064-955F-6B97BB7A13F2}.Release|iPhoneSimulator.Deploy.0 = Release|Any CPU
		{1B70EF78-71E2-4064-955F-6B97BB7A13F2}.Release|x64.ActiveCfg = Release|Any CPU
		{1B70EF78-71E2-4064-955F-6B97BB7A13F2}.Release|x64.Build.0 = Release|Any CPU
		{1B70EF78-71E2-4064-955F-6B97BB7A13F2}.Release|x64.Deploy.0 = Release|Any CPU
		{1B70EF78-71E2-4064-955F-6B97BB7A13F2}.Release|x86.ActiveCfg = Release|Any CPU
		{1B70EF78-71E2-4064-955F-6B97BB7A13F2}.Release|x86.Build.0 = Release|Any CPU
		{1B70EF78-71E2-4064-955F-6B97BB7A13F2}.Release|x86.Deploy.0 = Release|Any CPU
		{7291ABDD-F8EA-4954-A5F2-C886E11E8E5B}.Ad-Hoc|Any CPU.ActiveCfg = Ad-Hoc|iPhone
		{7291ABDD-F8EA-4954-A5F2-C886E11E8E5B}.Ad-Hoc|ARM.ActiveCfg = Ad-Hoc|iPhone
		{7291ABDD-F8EA-4954-A5F2-C886E11E8E5B}.Ad-Hoc|iPhone.ActiveCfg = Ad-Hoc|iPhone
		{7291ABDD-F8EA-4954-A5F2-C886E11E8E5B}.Ad-Hoc|iPhone.Build.0 = Ad-Hoc|iPhone
		{7291ABDD-F8EA-4954-A5F2-C886E11E8E5B}.Ad-Hoc|iPhoneSimulator.ActiveCfg = Ad-Hoc|iPhoneSimulator
		{7291ABDD-F8EA-4954-A5F2-C886E11E8E5B}.Ad-Hoc|iPhoneSimulator.Build.0 = Ad-Hoc|iPhoneSimulator
		{7291ABDD-F8EA-4954-A5F2-C886E11E8E5B}.Ad-Hoc|x64.ActiveCfg = Ad-Hoc|iPhone
		{7291ABDD-F8EA-4954-A5F2-C886E11E8E5B}.Ad-Hoc|x86.ActiveCfg = Ad-Hoc|iPhone
		{7291ABDD-F8EA-4954-A5F2-C886E11E8E5B}.AppStore|Any CPU.ActiveCfg = AppStore|iPhone
		{7291ABDD-F8EA-4954-A5F2-C886E11E8E5B}.AppStore|ARM.ActiveCfg = AppStore|iPhone
		{7291ABDD-F8EA-4954-A5F2-C886E11E8E5B}.AppStore|iPhone.ActiveCfg = AppStore|iPhone
		{7291ABDD-F8EA-4954-A5F2-C886E11E8E5B}.AppStore|iPhone.Build.0 = AppStore|iPhone
		{7291ABDD-F8EA-4954-A5F2-C886E11E8E5B}.AppStore|iPhoneSimulator.ActiveCfg = AppStore|iPhoneSimulator
		{7291ABDD-F8EA-4954-A5F2-C886E11E8E5B}.AppStore|iPhoneSimulator.Build.0 = AppStore|iPhoneSimulator
		{7291ABDD-F8EA-4954-A5F2-C886E11E8E5B}.AppStore|x64.ActiveCfg = AppStore|iPhone
		{7291ABDD-F8EA-4954-A5F2-C886E11E8E5B}.AppStore|x86.ActiveCfg = AppStore|iPhone
		{7291ABDD-F8EA-4954-A5F2-C886E11E8E5B}.Debug|Any CPU.ActiveCfg = Debug|iPhone
		{7291ABDD-F8EA-4954-A5F2-C886E11E8E5B}.Debug|ARM.ActiveCfg = Debug|iPhone
		{7291ABDD-F8EA-4954-A5F2-C886E11E8E5B}.Debug|iPhone.ActiveCfg = Debug|iPhone
		{7291ABDD-F8EA-4954-A5F2-C886E11E8E5B}.Debug|iPhone.Build.0 = Debug|iPhone
		{7291ABDD-F8EA-4954-A5F2-C886E11E8E5B}.Debug|iPhoneSimulator.ActiveCfg = Debug|iPhoneSimulator
		{7291ABDD-F8EA-4954-A5F2-C886E11E8E5B}.Debug|iPhoneSimulator.Build.0 = Debug|iPhoneSimulator
		{7291ABDD-F8EA-4954-A5F2-C886E11E8E5B}.Debug|x64.ActiveCfg = Debug|iPhone
		{7291ABDD-F8EA-4954-A5F2-C886E11E8E5B}.Debug|x86.ActiveCfg = Debug|iPhone
		{7291ABDD-F8EA-4954-A5F2-C886E11E8E5B}.Release|Any CPU.ActiveCfg = Release|iPhone
		{7291ABDD-F8EA-4954-A5F2-C886E11E8E5B}.Release|ARM.ActiveCfg = Release|iPhone
		{7291ABDD-F8EA-4954-A5F2-C886E11E8E5B}.Release|iPhone.ActiveCfg = Release|iPhone
		{7291ABDD-F8EA-4954-A5F2-C886E11E8E5B}.Release|iPhone.Build.0 = Release|iPhone
		{7291ABDD-F8EA-4954-A5F2-C886E11E8E5B}.Release|iPhoneSimulator.ActiveCfg = Release|iPhoneSimulator
		{7291ABDD-F8EA-4954-A5F2-C886E11E8E5B}.Release|iPhoneSimulator.Build.0 = Release|iPhoneSimulator
		{7291ABDD-F8EA-4954-A5F2-C886E11E8E5B}.Release|x64.ActiveCfg = Release|iPhone
		{7291ABDD-F8EA-4954-A5F2-C886E11E8E5B}.Release|x86.ActiveCfg = Release|iPhone
	EndGlobalSection
	GlobalSection(SolutionProperties) = preSolution
		HideSolutionNode = FALSE
	EndGlobalSection
EndGlobal
